// !$*UTF8*$!
{
	archiveVersion = 1;
	classes = {
	};
	objectVersion = 52;
	objects = {

/* Begin PBXBuildFile section */
		5F05FB84256686E500984BD5 /* TutorialView.swift in Sources */ = {isa = PBXBuildFile; fileRef = 5F05FB83256686E500984BD5 /* TutorialView.swift */; };
		5F05FB86256686F500984BD5 /* TutorialViewModel.swift in Sources */ = {isa = PBXBuildFile; fileRef = 5F05FB85256686F500984BD5 /* TutorialViewModel.swift */; };
		5F2C253C258CBDAE008D36F1 /* MenuCoordinator.swift in Sources */ = {isa = PBXBuildFile; fileRef = 5F2C253B258CBDAE008D36F1 /* MenuCoordinator.swift */; };
		5F2C2547258CC6BF008D36F1 /* MenuViewModel.swift in Sources */ = {isa = PBXBuildFile; fileRef = 5F2C2546258CC6BF008D36F1 /* MenuViewModel.swift */; };
		5F2C254F258CD7F8008D36F1 /* GameCoordinator.swift in Sources */ = {isa = PBXBuildFile; fileRef = 5F2C254E258CD7F8008D36F1 /* GameCoordinator.swift */; };
		5F2C2557258D1D09008D36F1 /* States.swift in Sources */ = {isa = PBXBuildFile; fileRef = 5F2C2556258D1D09008D36F1 /* States.swift */; };
		5F2C256B258D1D69008D36F1 /* MenuDIContainer.swift in Sources */ = {isa = PBXBuildFile; fileRef = 5F2C256A258D1D69008D36F1 /* MenuDIContainer.swift */; };
		5F2C2570258D1DEE008D36F1 /* GameInfo.swift in Sources */ = {isa = PBXBuildFile; fileRef = 5F2C256F258D1DEE008D36F1 /* GameInfo.swift */; };
		5F2C2575258D1DFD008D36F1 /* GameDIContainer.swift in Sources */ = {isa = PBXBuildFile; fileRef = 5F2C2574258D1DFD008D36F1 /* GameDIContainer.swift */; };
		5F3587D42565300B002BC31C /* GameSummaryView.swift in Sources */ = {isa = PBXBuildFile; fileRef = 5F3587D32565300B002BC31C /* GameSummaryView.swift */; };
		5F3C13DF2A97847E0034B161 /* GoogleService-Info.plist in Resources */ = {isa = PBXBuildFile; fileRef = 5F3C13DE2A97847E0034B161 /* GoogleService-Info.plist */; };
		5F3C13FA2A9C94DC0034B161 /* Logger.swift in Sources */ = {isa = PBXBuildFile; fileRef = 5F3C13F92A9C94DC0034B161 /* Logger.swift */; };
		5F3D20ED264BD33500E1FCC6 /* GameBackButton.swift in Sources */ = {isa = PBXBuildFile; fileRef = 5F3D20EC264BD33500E1FCC6 /* GameBackButton.swift */; };
		5F3D20F5264BDC1100E1FCC6 /* LevelSelectionUITests.swift in Sources */ = {isa = PBXBuildFile; fileRef = 5F3D20F4264BDC1100E1FCC6 /* LevelSelectionUITests.swift */; };
		5F3D21BB265550A200E1FCC6 /* LevelSelectionBackButton.swift in Sources */ = {isa = PBXBuildFile; fileRef = 5F3D21BA265550A200E1FCC6 /* LevelSelectionBackButton.swift */; };
		5F3D21C326559AF800E1FCC6 /* GameSoundButton.swift in Sources */ = {isa = PBXBuildFile; fileRef = 5F3D21C226559AF700E1FCC6 /* GameSoundButton.swift */; };
		5F3D21C826559B3B00E1FCC6 /* GamePositionButton.swift in Sources */ = {isa = PBXBuildFile; fileRef = 5F3D21C726559B3B00E1FCC6 /* GamePositionButton.swift */; };
		5F3D21CE265D2F2D00E1FCC6 /* ViewExtensions.swift in Sources */ = {isa = PBXBuildFile; fileRef = 5F3D21CD265D2F2B00E1FCC6 /* ViewExtensions.swift */; };
		5F4E0445286372B900AAE226 /* QuotesViewModelTests.swift in Sources */ = {isa = PBXBuildFile; fileRef = 5F4E0444286372B900AAE226 /* QuotesViewModelTests.swift */; };
		5F6921D825CB19D8008A18C9 /* UnlockedLevelRealm.swift in Sources */ = {isa = PBXBuildFile; fileRef = 5F6921D725CB19D8008A18C9 /* UnlockedLevelRealm.swift */; };
		5F6921DD25CB1AB9008A18C9 /* UnlockedLevel.swift in Sources */ = {isa = PBXBuildFile; fileRef = 5F6921DC25CB1AB9008A18C9 /* UnlockedLevel.swift */; };
		5F6921E525CB1C2D008A18C9 /* GameRepository.swift in Sources */ = {isa = PBXBuildFile; fileRef = 5F6921E425CB1C2D008A18C9 /* GameRepository.swift */; };
		5F6921ED25CB1D41008A18C9 /* RealmService.swift in Sources */ = {isa = PBXBuildFile; fileRef = 5F6921EC25CB1D41008A18C9 /* RealmService.swift */; };
		5F6921F225CB1FDF008A18C9 /* AppDelegate.swift in Sources */ = {isa = PBXBuildFile; fileRef = 5F6921F125CB1FDF008A18C9 /* AppDelegate.swift */; };
		5F6921FA25CB2114008A18C9 /* AppVersionRealm.swift in Sources */ = {isa = PBXBuildFile; fileRef = 5F6921F925CB2114008A18C9 /* AppVersionRealm.swift */; };
		5F69220225CB21AF008A18C9 /* ApplicationVersion.swift in Sources */ = {isa = PBXBuildFile; fileRef = 5F69220125CB21AF008A18C9 /* ApplicationVersion.swift */; };
		5F69220925CB228F008A18C9 /* AppMigrationService.swift in Sources */ = {isa = PBXBuildFile; fileRef = 5F69220825CB228F008A18C9 /* AppMigrationService.swift */; };
		5F69221425CB25F9008A18C9 /* Utils.swift in Sources */ = {isa = PBXBuildFile; fileRef = 5F69221325CB25F9008A18C9 /* Utils.swift */; };
		5F69227525D2C9DB008A18C9 /* PlayGameUITests.swift in Sources */ = {isa = PBXBuildFile; fileRef = 5F69227425D2C9DB008A18C9 /* PlayGameUITests.swift */; };
		5F802ED425DFDF1600AF85EE /* GameSummaryViewModelTests.swift in Sources */ = {isa = PBXBuildFile; fileRef = 5F802ED325DFDF1600AF85EE /* GameSummaryViewModelTests.swift */; };
		5F807537271DBACE00563BAA /* PlayCircle.swift in Sources */ = {isa = PBXBuildFile; fileRef = 5F807536271DBACE00563BAA /* PlayCircle.swift */; };
		5F807539271DBBDA00563BAA /* MenuButton.swift in Sources */ = {isa = PBXBuildFile; fileRef = 5F807538271DBBDA00563BAA /* MenuButton.swift */; };
		5F8503C429EC0C78006CBFDC /* RemoveGameHistoryUseCase.swift in Sources */ = {isa = PBXBuildFile; fileRef = 5F8503C329EC0C78006CBFDC /* RemoveGameHistoryUseCase.swift */; };
		5F8503C629F1861D006CBFDC /* Helpers.swift in Sources */ = {isa = PBXBuildFile; fileRef = 5F8503C529F1861D006CBFDC /* Helpers.swift */; };
		5F85D2F4297C65E2002A85CD /* b.wav in Resources */ = {isa = PBXBuildFile; fileRef = 5F85D2EB297C65E1002A85CD /* b.wav */; };
		5F85D2F5297C65E2002A85CD /* g.wav in Resources */ = {isa = PBXBuildFile; fileRef = 5F85D2EC297C65E1002A85CD /* g.wav */; };
		5F85D2F6297C65E2002A85CD /* s.wav in Resources */ = {isa = PBXBuildFile; fileRef = 5F85D2ED297C65E1002A85CD /* s.wav */; };
		5F85D2F7297C65E2002A85CD /* m.wav in Resources */ = {isa = PBXBuildFile; fileRef = 5F85D2EE297C65E1002A85CD /* m.wav */; };
		5F85D2F8297C65E2002A85CD /* d.wav in Resources */ = {isa = PBXBuildFile; fileRef = 5F85D2EF297C65E1002A85CD /* d.wav */; };
		5F85D2F9297C65E2002A85CD /* t.wav in Resources */ = {isa = PBXBuildFile; fileRef = 5F85D2F0297C65E1002A85CD /* t.wav */; };
		5F85D2FA297C65E2002A85CD /* p.wav in Resources */ = {isa = PBXBuildFile; fileRef = 5F85D2F1297C65E1002A85CD /* p.wav */; };
		5F85D2FB297C65E2002A85CD /* k.wav in Resources */ = {isa = PBXBuildFile; fileRef = 5F85D2F2297C65E1002A85CD /* k.wav */; };
		5F85D2FC297C65E2002A85CD /* l.wav in Resources */ = {isa = PBXBuildFile; fileRef = 5F85D2F3297C65E1002A85CD /* l.wav */; };
		5F85D2FE297C67DC002A85CD /* s.mp3 in Resources */ = {isa = PBXBuildFile; fileRef = 5F85D2FD297C67DC002A85CD /* s.mp3 */; };
		5F949A9A25FA0B3800512ADE /* CalculateGameResultsUseCase.swift in Sources */ = {isa = PBXBuildFile; fileRef = 5F949A9925FA0B3800512ADE /* CalculateGameResultsUseCase.swift */; };
		5F949A9F25FA159E00512ADE /* UnlockNextLevelUseCase.swift in Sources */ = {isa = PBXBuildFile; fileRef = 5F949A9E25FA159E00512ADE /* UnlockNextLevelUseCase.swift */; };
		5F949AA425FA64AF00512ADE /* CalculateGameResultsUseCaseTests.swift in Sources */ = {isa = PBXBuildFile; fileRef = 5F949AA325FA64AF00512ADE /* CalculateGameResultsUseCaseTests.swift */; };
		5F9E283F2911024500DCAD3B /* Realm in Frameworks */ = {isa = PBXBuildFile; productRef = 5F9E283E2911024500DCAD3B /* Realm */; };
		5F9E28412911024500DCAD3B /* RealmSwift in Frameworks */ = {isa = PBXBuildFile; productRef = 5F9E28402911024500DCAD3B /* RealmSwift */; };
		5FA219E92932B82000653D01 /* MailView.swift in Sources */ = {isa = PBXBuildFile; fileRef = 5FA219E82932B82000653D01 /* MailView.swift */; };
		5FA4929D25D53EA800BB2DE3 /* AccessibilityIdentifier.swift in Sources */ = {isa = PBXBuildFile; fileRef = 5FA4929C25D53EA800BB2DE3 /* AccessibilityIdentifier.swift */; };
		5FA492A825D5447B00BB2DE3 /* AccessibilityIdentifier.swift in Sources */ = {isa = PBXBuildFile; fileRef = 5FA4929C25D53EA800BB2DE3 /* AccessibilityIdentifier.swift */; };
		5FA492B625D54DD300BB2DE3 /* TutorialUITests.swift in Sources */ = {isa = PBXBuildFile; fileRef = 5FA492B525D54DD300BB2DE3 /* TutorialUITests.swift */; };
		5FA863422529D996006B5F33 /* NBackGameApp.swift in Sources */ = {isa = PBXBuildFile; fileRef = 5FA863412529D996006B5F33 /* NBackGameApp.swift */; };
		5FA863442529D996006B5F33 /* MenuView.swift in Sources */ = {isa = PBXBuildFile; fileRef = 5FA863432529D996006B5F33 /* MenuView.swift */; };
		5FA863462529D997006B5F33 /* Assets.xcassets in Resources */ = {isa = PBXBuildFile; fileRef = 5FA863452529D997006B5F33 /* Assets.xcassets */; };
		5FA863492529D997006B5F33 /* Preview Assets.xcassets in Resources */ = {isa = PBXBuildFile; fileRef = 5FA863482529D997006B5F33 /* Preview Assets.xcassets */; };
		5FA8636D2529E7B3006B5F33 /* GameView.swift in Sources */ = {isa = PBXBuildFile; fileRef = 5FA8636C2529E7B3006B5F33 /* GameView.swift */; };
		5FA8B28D265E48A90026547A /* GameSummaryButtons.swift in Sources */ = {isa = PBXBuildFile; fileRef = 5FA8B28C265E48A90026547A /* GameSummaryButtons.swift */; };
		5FA8B292265E4D440026547A /* GameTopPanel.swift in Sources */ = {isa = PBXBuildFile; fileRef = 5FA8B291265E4D440026547A /* GameTopPanel.swift */; };
		5FA8B29D265FA4400026547A /* SnapshotHelper.swift in Sources */ = {isa = PBXBuildFile; fileRef = 5FA8B29C265FA4400026547A /* SnapshotHelper.swift */; };
		5FA8B2B1265FAEEE0026547A /* SnapshotUITests.swift in Sources */ = {isa = PBXBuildFile; fileRef = 5FA8B2B0265FAEEE0026547A /* SnapshotUITests.swift */; };
		5FB46DED270B625200B41F37 /* TutorialTopPanelView.swift in Sources */ = {isa = PBXBuildFile; fileRef = 5FB46DEC270B625200B41F37 /* TutorialTopPanelView.swift */; };
		5FB46DEF270B6CAD00B41F37 /* QuotesView.swift in Sources */ = {isa = PBXBuildFile; fileRef = 5FB46DEE270B6CAD00B41F37 /* QuotesView.swift */; };
		5FB46DF5270C526700B41F37 /* MusicService.swift in Sources */ = {isa = PBXBuildFile; fileRef = 5FB46DF4270C526700B41F37 /* MusicService.swift */; };
		5FB46DF7270C5C3300B41F37 /* AppDIContainer.swift in Sources */ = {isa = PBXBuildFile; fileRef = 5FB46DF6270C5C3300B41F37 /* AppDIContainer.swift */; };
		5FB46DFA271A082F00B41F37 /* background.m4a in Resources */ = {isa = PBXBuildFile; fileRef = 5FB46DF9271A082F00B41F37 /* background.m4a */; };
		5FBF32D5257E6FA00007FBA0 /* TutorialText.swift in Sources */ = {isa = PBXBuildFile; fileRef = 5FBF32D4257E6FA00007FBA0 /* TutorialText.swift */; };
		5FBF32DD257E6FCB0007FBA0 /* TutorialSteps.swift in Sources */ = {isa = PBXBuildFile; fileRef = 5FBF32DC257E6FCB0007FBA0 /* TutorialSteps.swift */; };
		5FBF32E2257E70080007FBA0 /* TutorialNavigationView.swift in Sources */ = {isa = PBXBuildFile; fileRef = 5FBF32E1257E70080007FBA0 /* TutorialNavigationView.swift */; };
		5FC38F97256C4B96007AF3EA /* LevelSelectionView.swift in Sources */ = {isa = PBXBuildFile; fileRef = 5FC38F96256C4B96007AF3EA /* LevelSelectionView.swift */; };
		5FC38F99256C4BC0007AF3EA /* LevelSelectionViewModel.swift in Sources */ = {isa = PBXBuildFile; fileRef = 5FC38F98256C4BC0007AF3EA /* LevelSelectionViewModel.swift */; };
		5FC455FC26F7B2150088E279 /* SaveGameUseCase.swift in Sources */ = {isa = PBXBuildFile; fileRef = 5FC455FB26F7B2150088E279 /* SaveGameUseCase.swift */; };
		5FC455FE26F87C3B0088E279 /* GameHistoryRealm.swift in Sources */ = {isa = PBXBuildFile; fileRef = 5FC455FD26F87C3B0088E279 /* GameHistoryRealm.swift */; };
		5FC4560026F87CE40088E279 /* GameHistorySingleRoundRealm.swift in Sources */ = {isa = PBXBuildFile; fileRef = 5FC455FF26F87CE40088E279 /* GameHistorySingleRoundRealm.swift */; };
		5FC4560226F880640088E279 /* GameHistory.swift in Sources */ = {isa = PBXBuildFile; fileRef = 5FC4560126F880640088E279 /* GameHistory.swift */; };
		5FC4560426F8809D0088E279 /* GameHistorySingleRound.swift in Sources */ = {isa = PBXBuildFile; fileRef = 5FC4560326F8809D0088E279 /* GameHistorySingleRound.swift */; };
		5FC4560926F8A9B30088E279 /* StatisticsView.swift in Sources */ = {isa = PBXBuildFile; fileRef = 5FC4560826F8A9B30088E279 /* StatisticsView.swift */; };
		5FC4560B26F8A9C60088E279 /* StatisticsViewModel.swift in Sources */ = {isa = PBXBuildFile; fileRef = 5FC4560A26F8A9C60088E279 /* StatisticsViewModel.swift */; };
		5FC4560D26F8B0670088E279 /* GetGamesHistoryUseCase.swift in Sources */ = {isa = PBXBuildFile; fileRef = 5FC4560C26F8B0670088E279 /* GetGamesHistoryUseCase.swift */; };
		5FC4560F26F9E0F30088E279 /* StatisticsTopPanelView.swift in Sources */ = {isa = PBXBuildFile; fileRef = 5FC4560E26F9E0F20088E279 /* StatisticsTopPanelView.swift */; };
		5FC62C1526020E0500D03AD8 /* HistoryItem.swift in Sources */ = {isa = PBXBuildFile; fileRef = 5FC62C1426020E0500D03AD8 /* HistoryItem.swift */; };
		5FC62C1A26020E3600D03AD8 /* CurrentGameItem.swift in Sources */ = {isa = PBXBuildFile; fileRef = 5FC62C1926020E3600D03AD8 /* CurrentGameItem.swift */; };
		5FC62C1F26020E7300D03AD8 /* GameButton.swift in Sources */ = {isa = PBXBuildFile; fileRef = 5FC62C1E26020E7300D03AD8 /* GameButton.swift */; };
		5FC62C2426020E9400D03AD8 /* MainBoard.swift in Sources */ = {isa = PBXBuildFile; fileRef = 5FC62C2326020E9400D03AD8 /* MainBoard.swift */; };
		5FC62C2926020EA000D03AD8 /* GameBottomPanel.swift in Sources */ = {isa = PBXBuildFile; fileRef = 5FC62C2826020EA000D03AD8 /* GameBottomPanel.swift */; };
		5FC62C2E26020EE400D03AD8 /* SummaryTable.swift in Sources */ = {isa = PBXBuildFile; fileRef = 5FC62C2D26020EE400D03AD8 /* SummaryTable.swift */; };
		5FC62C402602235E00D03AD8 /* TutorialViewModelTests.swift in Sources */ = {isa = PBXBuildFile; fileRef = 5FC62C3F2602235E00D03AD8 /* TutorialViewModelTests.swift */; };
		5FC62C4D260226A800D03AD8 /* GameViewModelTests.swift in Sources */ = {isa = PBXBuildFile; fileRef = 5FC62C4C260226A800D03AD8 /* GameViewModelTests.swift */; };
		5FC62C5726022BE800D03AD8 /* LevelSelectionViewModelTests.swift in Sources */ = {isa = PBXBuildFile; fileRef = 5FC62C5626022BE800D03AD8 /* LevelSelectionViewModelTests.swift */; };
		5FC62C64260244DF00D03AD8 /* GetHighestUnlockedLevel.swift in Sources */ = {isa = PBXBuildFile; fileRef = 5FC62C63260244DF00D03AD8 /* GetHighestUnlockedLevel.swift */; };
		5FC62C6F2602454C00D03AD8 /* FetchHighestUnlockedLevelUseCaseTests.swift in Sources */ = {isa = PBXBuildFile; fileRef = 5FC62C6E2602454C00D03AD8 /* FetchHighestUnlockedLevelUseCaseTests.swift */; };
		5FCD41D82540A57F002635BC /* GameViewModel.swift in Sources */ = {isa = PBXBuildFile; fileRef = 5FCD41D72540A57F002635BC /* GameViewModel.swift */; };
		5FFDE6C225654BE8008E977F /* GameSummaryViewModel.swift in Sources */ = {isa = PBXBuildFile; fileRef = 5FFDE6C125654BE8008E977F /* GameSummaryViewModel.swift */; };
/* End PBXBuildFile section */

/* Begin PBXContainerItemProxy section */
		5FA863502529D997006B5F33 /* PBXContainerItemProxy */ = {
			isa = PBXContainerItemProxy;
			containerPortal = 5FA863362529D995006B5F33 /* Project object */;
			proxyType = 1;
			remoteGlobalIDString = 5FA8633D2529D996006B5F33;
			remoteInfo = NBackGame;
		};
		5FA8635B2529D997006B5F33 /* PBXContainerItemProxy */ = {
			isa = PBXContainerItemProxy;
			containerPortal = 5FA863362529D995006B5F33 /* Project object */;
			proxyType = 1;
			remoteGlobalIDString = 5FA8633D2529D996006B5F33;
			remoteInfo = NBackGame;
		};
/* End PBXContainerItemProxy section */

/* Begin PBXFileReference section */
		5F05FB83256686E500984BD5 /* TutorialView.swift */ = {isa = PBXFileReference; lastKnownFileType = sourcecode.swift; path = TutorialView.swift; sourceTree = "<group>"; };
		5F05FB85256686F500984BD5 /* TutorialViewModel.swift */ = {isa = PBXFileReference; lastKnownFileType = sourcecode.swift; path = TutorialViewModel.swift; sourceTree = "<group>"; };
		5F2C253B258CBDAE008D36F1 /* MenuCoordinator.swift */ = {isa = PBXFileReference; lastKnownFileType = sourcecode.swift; path = MenuCoordinator.swift; sourceTree = "<group>"; };
		5F2C2546258CC6BF008D36F1 /* MenuViewModel.swift */ = {isa = PBXFileReference; lastKnownFileType = sourcecode.swift; path = MenuViewModel.swift; sourceTree = "<group>"; };
		5F2C254E258CD7F8008D36F1 /* GameCoordinator.swift */ = {isa = PBXFileReference; lastKnownFileType = sourcecode.swift; path = GameCoordinator.swift; sourceTree = "<group>"; };
		5F2C2556258D1D09008D36F1 /* States.swift */ = {isa = PBXFileReference; lastKnownFileType = sourcecode.swift; path = States.swift; sourceTree = "<group>"; };
		5F2C256A258D1D69008D36F1 /* MenuDIContainer.swift */ = {isa = PBXFileReference; lastKnownFileType = sourcecode.swift; path = MenuDIContainer.swift; sourceTree = "<group>"; };
		5F2C256F258D1DEE008D36F1 /* GameInfo.swift */ = {isa = PBXFileReference; lastKnownFileType = sourcecode.swift; path = GameInfo.swift; sourceTree = "<group>"; };
		5F2C2574258D1DFD008D36F1 /* GameDIContainer.swift */ = {isa = PBXFileReference; lastKnownFileType = sourcecode.swift; path = GameDIContainer.swift; sourceTree = "<group>"; };
		5F3587D32565300B002BC31C /* GameSummaryView.swift */ = {isa = PBXFileReference; lastKnownFileType = sourcecode.swift; path = GameSummaryView.swift; sourceTree = "<group>"; };
		5F3C13DE2A97847E0034B161 /* GoogleService-Info.plist */ = {isa = PBXFileReference; fileEncoding = 4; lastKnownFileType = text.plist.xml; path = "GoogleService-Info.plist"; sourceTree = "<group>"; };
		5F3C13F92A9C94DC0034B161 /* Logger.swift */ = {isa = PBXFileReference; lastKnownFileType = sourcecode.swift; path = Logger.swift; sourceTree = "<group>"; };
		5F3D20EC264BD33500E1FCC6 /* GameBackButton.swift */ = {isa = PBXFileReference; lastKnownFileType = sourcecode.swift; path = GameBackButton.swift; sourceTree = "<group>"; };
		5F3D20F4264BDC1100E1FCC6 /* LevelSelectionUITests.swift */ = {isa = PBXFileReference; lastKnownFileType = sourcecode.swift; path = LevelSelectionUITests.swift; sourceTree = "<group>"; };
		5F3D21BA265550A200E1FCC6 /* LevelSelectionBackButton.swift */ = {isa = PBXFileReference; lastKnownFileType = sourcecode.swift; path = LevelSelectionBackButton.swift; sourceTree = "<group>"; };
		5F3D21C226559AF700E1FCC6 /* GameSoundButton.swift */ = {isa = PBXFileReference; lastKnownFileType = sourcecode.swift; path = GameSoundButton.swift; sourceTree = "<group>"; };
		5F3D21C726559B3B00E1FCC6 /* GamePositionButton.swift */ = {isa = PBXFileReference; lastKnownFileType = sourcecode.swift; path = GamePositionButton.swift; sourceTree = "<group>"; };
		5F3D21CD265D2F2B00E1FCC6 /* ViewExtensions.swift */ = {isa = PBXFileReference; lastKnownFileType = sourcecode.swift; path = ViewExtensions.swift; sourceTree = "<group>"; };
		5F4E0444286372B900AAE226 /* QuotesViewModelTests.swift */ = {isa = PBXFileReference; lastKnownFileType = sourcecode.swift; path = QuotesViewModelTests.swift; sourceTree = "<group>"; };
		5F6921D725CB19D8008A18C9 /* UnlockedLevelRealm.swift */ = {isa = PBXFileReference; lastKnownFileType = sourcecode.swift; path = UnlockedLevelRealm.swift; sourceTree = "<group>"; };
		5F6921DC25CB1AB9008A18C9 /* UnlockedLevel.swift */ = {isa = PBXFileReference; lastKnownFileType = sourcecode.swift; path = UnlockedLevel.swift; sourceTree = "<group>"; };
		5F6921E425CB1C2D008A18C9 /* GameRepository.swift */ = {isa = PBXFileReference; lastKnownFileType = sourcecode.swift; path = GameRepository.swift; sourceTree = "<group>"; };
		5F6921EC25CB1D41008A18C9 /* RealmService.swift */ = {isa = PBXFileReference; lastKnownFileType = sourcecode.swift; path = RealmService.swift; sourceTree = "<group>"; };
		5F6921F125CB1FDF008A18C9 /* AppDelegate.swift */ = {isa = PBXFileReference; lastKnownFileType = sourcecode.swift; path = AppDelegate.swift; sourceTree = "<group>"; };
		5F6921F925CB2114008A18C9 /* AppVersionRealm.swift */ = {isa = PBXFileReference; lastKnownFileType = sourcecode.swift; path = AppVersionRealm.swift; sourceTree = "<group>"; };
		5F69220125CB21AF008A18C9 /* ApplicationVersion.swift */ = {isa = PBXFileReference; lastKnownFileType = sourcecode.swift; path = ApplicationVersion.swift; sourceTree = "<group>"; };
		5F69220825CB228F008A18C9 /* AppMigrationService.swift */ = {isa = PBXFileReference; lastKnownFileType = sourcecode.swift; path = AppMigrationService.swift; sourceTree = "<group>"; };
		5F69221325CB25F9008A18C9 /* Utils.swift */ = {isa = PBXFileReference; lastKnownFileType = sourcecode.swift; path = Utils.swift; sourceTree = "<group>"; };
		5F69227425D2C9DB008A18C9 /* PlayGameUITests.swift */ = {isa = PBXFileReference; lastKnownFileType = sourcecode.swift; path = PlayGameUITests.swift; sourceTree = "<group>"; };
		5F802ED325DFDF1600AF85EE /* GameSummaryViewModelTests.swift */ = {isa = PBXFileReference; lastKnownFileType = sourcecode.swift; path = GameSummaryViewModelTests.swift; sourceTree = "<group>"; };
		5F807536271DBACE00563BAA /* PlayCircle.swift */ = {isa = PBXFileReference; lastKnownFileType = sourcecode.swift; path = PlayCircle.swift; sourceTree = "<group>"; };
		5F807538271DBBDA00563BAA /* MenuButton.swift */ = {isa = PBXFileReference; lastKnownFileType = sourcecode.swift; path = MenuButton.swift; sourceTree = "<group>"; };
		5F8503C329EC0C78006CBFDC /* RemoveGameHistoryUseCase.swift */ = {isa = PBXFileReference; lastKnownFileType = sourcecode.swift; path = RemoveGameHistoryUseCase.swift; sourceTree = "<group>"; };
		5F8503C529F1861D006CBFDC /* Helpers.swift */ = {isa = PBXFileReference; lastKnownFileType = sourcecode.swift; path = Helpers.swift; sourceTree = "<group>"; };
		5F85D2EB297C65E1002A85CD /* b.wav */ = {isa = PBXFileReference; lastKnownFileType = audio.wav; path = b.wav; sourceTree = "<group>"; };
		5F85D2EC297C65E1002A85CD /* g.wav */ = {isa = PBXFileReference; lastKnownFileType = audio.wav; path = g.wav; sourceTree = "<group>"; };
		5F85D2ED297C65E1002A85CD /* s.wav */ = {isa = PBXFileReference; lastKnownFileType = audio.wav; path = s.wav; sourceTree = "<group>"; };
		5F85D2EE297C65E1002A85CD /* m.wav */ = {isa = PBXFileReference; lastKnownFileType = audio.wav; path = m.wav; sourceTree = "<group>"; };
		5F85D2EF297C65E1002A85CD /* d.wav */ = {isa = PBXFileReference; lastKnownFileType = audio.wav; path = d.wav; sourceTree = "<group>"; };
		5F85D2F0297C65E1002A85CD /* t.wav */ = {isa = PBXFileReference; lastKnownFileType = audio.wav; path = t.wav; sourceTree = "<group>"; };
		5F85D2F1297C65E1002A85CD /* p.wav */ = {isa = PBXFileReference; lastKnownFileType = audio.wav; path = p.wav; sourceTree = "<group>"; };
		5F85D2F2297C65E1002A85CD /* k.wav */ = {isa = PBXFileReference; lastKnownFileType = audio.wav; path = k.wav; sourceTree = "<group>"; };
		5F85D2F3297C65E1002A85CD /* l.wav */ = {isa = PBXFileReference; lastKnownFileType = audio.wav; path = l.wav; sourceTree = "<group>"; };
		5F85D2FD297C67DC002A85CD /* s.mp3 */ = {isa = PBXFileReference; lastKnownFileType = audio.mp3; path = s.mp3; sourceTree = "<group>"; };
		5F949A9925FA0B3800512ADE /* CalculateGameResultsUseCase.swift */ = {isa = PBXFileReference; lastKnownFileType = sourcecode.swift; path = CalculateGameResultsUseCase.swift; sourceTree = "<group>"; };
		5F949A9E25FA159E00512ADE /* UnlockNextLevelUseCase.swift */ = {isa = PBXFileReference; lastKnownFileType = sourcecode.swift; path = UnlockNextLevelUseCase.swift; sourceTree = "<group>"; };
		5F949AA325FA64AF00512ADE /* CalculateGameResultsUseCaseTests.swift */ = {isa = PBXFileReference; lastKnownFileType = sourcecode.swift; path = CalculateGameResultsUseCaseTests.swift; sourceTree = "<group>"; };
		5FA219E82932B82000653D01 /* MailView.swift */ = {isa = PBXFileReference; lastKnownFileType = sourcecode.swift; path = MailView.swift; sourceTree = "<group>"; };
		5FA4929C25D53EA800BB2DE3 /* AccessibilityIdentifier.swift */ = {isa = PBXFileReference; lastKnownFileType = sourcecode.swift; path = AccessibilityIdentifier.swift; sourceTree = "<group>"; };
		5FA492B525D54DD300BB2DE3 /* TutorialUITests.swift */ = {isa = PBXFileReference; lastKnownFileType = sourcecode.swift; path = TutorialUITests.swift; sourceTree = "<group>"; };
		5FA8633E2529D996006B5F33 /* NBackGame.app */ = {isa = PBXFileReference; explicitFileType = wrapper.application; includeInIndex = 0; path = NBackGame.app; sourceTree = BUILT_PRODUCTS_DIR; };
		5FA863412529D996006B5F33 /* NBackGameApp.swift */ = {isa = PBXFileReference; lastKnownFileType = sourcecode.swift; path = NBackGameApp.swift; sourceTree = "<group>"; };
		5FA863432529D996006B5F33 /* MenuView.swift */ = {isa = PBXFileReference; lastKnownFileType = sourcecode.swift; path = MenuView.swift; sourceTree = "<group>"; };
		5FA863452529D997006B5F33 /* Assets.xcassets */ = {isa = PBXFileReference; lastKnownFileType = folder.assetcatalog; path = Assets.xcassets; sourceTree = "<group>"; };
		5FA863482529D997006B5F33 /* Preview Assets.xcassets */ = {isa = PBXFileReference; lastKnownFileType = folder.assetcatalog; path = "Preview Assets.xcassets"; sourceTree = "<group>"; };
		5FA8634A2529D997006B5F33 /* Info.plist */ = {isa = PBXFileReference; lastKnownFileType = text.plist.xml; path = Info.plist; sourceTree = "<group>"; };
		5FA8634F2529D997006B5F33 /* NBackGameTests.xctest */ = {isa = PBXFileReference; explicitFileType = wrapper.cfbundle; includeInIndex = 0; path = NBackGameTests.xctest; sourceTree = BUILT_PRODUCTS_DIR; };
		5FA863552529D997006B5F33 /* Info.plist */ = {isa = PBXFileReference; lastKnownFileType = text.plist.xml; path = Info.plist; sourceTree = "<group>"; };
		5FA8635A2529D997006B5F33 /* NBackGameUITests.xctest */ = {isa = PBXFileReference; explicitFileType = wrapper.cfbundle; includeInIndex = 0; path = NBackGameUITests.xctest; sourceTree = BUILT_PRODUCTS_DIR; };
		5FA863602529D997006B5F33 /* Info.plist */ = {isa = PBXFileReference; lastKnownFileType = text.plist.xml; path = Info.plist; sourceTree = "<group>"; };
		5FA8636C2529E7B3006B5F33 /* GameView.swift */ = {isa = PBXFileReference; lastKnownFileType = sourcecode.swift; path = GameView.swift; sourceTree = "<group>"; };
		5FA8B28C265E48A90026547A /* GameSummaryButtons.swift */ = {isa = PBXFileReference; lastKnownFileType = sourcecode.swift; path = GameSummaryButtons.swift; sourceTree = "<group>"; };
		5FA8B291265E4D440026547A /* GameTopPanel.swift */ = {isa = PBXFileReference; lastKnownFileType = sourcecode.swift; path = GameTopPanel.swift; sourceTree = "<group>"; };
		5FA8B29C265FA4400026547A /* SnapshotHelper.swift */ = {isa = PBXFileReference; lastKnownFileType = sourcecode.swift; path = SnapshotHelper.swift; sourceTree = "<group>"; };
		5FA8B2B0265FAEEE0026547A /* SnapshotUITests.swift */ = {isa = PBXFileReference; lastKnownFileType = sourcecode.swift; path = SnapshotUITests.swift; sourceTree = "<group>"; };
		5FB46DEC270B625200B41F37 /* TutorialTopPanelView.swift */ = {isa = PBXFileReference; lastKnownFileType = sourcecode.swift; path = TutorialTopPanelView.swift; sourceTree = "<group>"; };
		5FB46DEE270B6CAD00B41F37 /* QuotesView.swift */ = {isa = PBXFileReference; lastKnownFileType = sourcecode.swift; path = QuotesView.swift; sourceTree = "<group>"; };
		5FB46DF4270C526700B41F37 /* MusicService.swift */ = {isa = PBXFileReference; lastKnownFileType = sourcecode.swift; path = MusicService.swift; sourceTree = "<group>"; };
		5FB46DF6270C5C3300B41F37 /* AppDIContainer.swift */ = {isa = PBXFileReference; lastKnownFileType = sourcecode.swift; path = AppDIContainer.swift; sourceTree = "<group>"; };
		5FB46DF9271A082F00B41F37 /* background.m4a */ = {isa = PBXFileReference; lastKnownFileType = file; path = background.m4a; sourceTree = "<group>"; };
		5FBF32D4257E6FA00007FBA0 /* TutorialText.swift */ = {isa = PBXFileReference; lastKnownFileType = sourcecode.swift; path = TutorialText.swift; sourceTree = "<group>"; };
		5FBF32DC257E6FCB0007FBA0 /* TutorialSteps.swift */ = {isa = PBXFileReference; lastKnownFileType = sourcecode.swift; path = TutorialSteps.swift; sourceTree = "<group>"; };
		5FBF32E1257E70080007FBA0 /* TutorialNavigationView.swift */ = {isa = PBXFileReference; lastKnownFileType = sourcecode.swift; path = TutorialNavigationView.swift; sourceTree = "<group>"; };
		5FC38F96256C4B96007AF3EA /* LevelSelectionView.swift */ = {isa = PBXFileReference; lastKnownFileType = sourcecode.swift; path = LevelSelectionView.swift; sourceTree = "<group>"; };
		5FC38F98256C4BC0007AF3EA /* LevelSelectionViewModel.swift */ = {isa = PBXFileReference; lastKnownFileType = sourcecode.swift; path = LevelSelectionViewModel.swift; sourceTree = "<group>"; };
		5FC455FB26F7B2150088E279 /* SaveGameUseCase.swift */ = {isa = PBXFileReference; lastKnownFileType = sourcecode.swift; path = SaveGameUseCase.swift; sourceTree = "<group>"; };
		5FC455FD26F87C3B0088E279 /* GameHistoryRealm.swift */ = {isa = PBXFileReference; lastKnownFileType = sourcecode.swift; path = GameHistoryRealm.swift; sourceTree = "<group>"; };
		5FC455FF26F87CE40088E279 /* GameHistorySingleRoundRealm.swift */ = {isa = PBXFileReference; lastKnownFileType = sourcecode.swift; path = GameHistorySingleRoundRealm.swift; sourceTree = "<group>"; };
		5FC4560126F880640088E279 /* GameHistory.swift */ = {isa = PBXFileReference; lastKnownFileType = sourcecode.swift; path = GameHistory.swift; sourceTree = "<group>"; };
		5FC4560326F8809D0088E279 /* GameHistorySingleRound.swift */ = {isa = PBXFileReference; lastKnownFileType = sourcecode.swift; path = GameHistorySingleRound.swift; sourceTree = "<group>"; };
		5FC4560826F8A9B30088E279 /* StatisticsView.swift */ = {isa = PBXFileReference; lastKnownFileType = sourcecode.swift; path = StatisticsView.swift; sourceTree = "<group>"; };
		5FC4560A26F8A9C60088E279 /* StatisticsViewModel.swift */ = {isa = PBXFileReference; lastKnownFileType = sourcecode.swift; path = StatisticsViewModel.swift; sourceTree = "<group>"; };
		5FC4560C26F8B0670088E279 /* GetGamesHistoryUseCase.swift */ = {isa = PBXFileReference; lastKnownFileType = sourcecode.swift; path = GetGamesHistoryUseCase.swift; sourceTree = "<group>"; };
		5FC4560E26F9E0F20088E279 /* StatisticsTopPanelView.swift */ = {isa = PBXFileReference; lastKnownFileType = sourcecode.swift; path = StatisticsTopPanelView.swift; sourceTree = "<group>"; };
		5FC62C1426020E0500D03AD8 /* HistoryItem.swift */ = {isa = PBXFileReference; lastKnownFileType = sourcecode.swift; path = HistoryItem.swift; sourceTree = "<group>"; };
		5FC62C1926020E3600D03AD8 /* CurrentGameItem.swift */ = {isa = PBXFileReference; lastKnownFileType = sourcecode.swift; path = CurrentGameItem.swift; sourceTree = "<group>"; };
		5FC62C1E26020E7300D03AD8 /* GameButton.swift */ = {isa = PBXFileReference; lastKnownFileType = sourcecode.swift; path = GameButton.swift; sourceTree = "<group>"; };
		5FC62C2326020E9400D03AD8 /* MainBoard.swift */ = {isa = PBXFileReference; lastKnownFileType = sourcecode.swift; path = MainBoard.swift; sourceTree = "<group>"; };
		5FC62C2826020EA000D03AD8 /* GameBottomPanel.swift */ = {isa = PBXFileReference; lastKnownFileType = sourcecode.swift; path = GameBottomPanel.swift; sourceTree = "<group>"; };
		5FC62C2D26020EE400D03AD8 /* SummaryTable.swift */ = {isa = PBXFileReference; lastKnownFileType = sourcecode.swift; path = SummaryTable.swift; sourceTree = "<group>"; };
		5FC62C3F2602235E00D03AD8 /* TutorialViewModelTests.swift */ = {isa = PBXFileReference; lastKnownFileType = sourcecode.swift; path = TutorialViewModelTests.swift; sourceTree = "<group>"; };
		5FC62C4C260226A800D03AD8 /* GameViewModelTests.swift */ = {isa = PBXFileReference; lastKnownFileType = sourcecode.swift; path = GameViewModelTests.swift; sourceTree = "<group>"; };
		5FC62C5626022BE800D03AD8 /* LevelSelectionViewModelTests.swift */ = {isa = PBXFileReference; lastKnownFileType = sourcecode.swift; path = LevelSelectionViewModelTests.swift; sourceTree = "<group>"; };
		5FC62C63260244DF00D03AD8 /* GetHighestUnlockedLevel.swift */ = {isa = PBXFileReference; lastKnownFileType = sourcecode.swift; path = GetHighestUnlockedLevel.swift; sourceTree = "<group>"; };
		5FC62C6E2602454C00D03AD8 /* FetchHighestUnlockedLevelUseCaseTests.swift */ = {isa = PBXFileReference; lastKnownFileType = sourcecode.swift; path = FetchHighestUnlockedLevelUseCaseTests.swift; sourceTree = "<group>"; };
		5FCD41D72540A57F002635BC /* GameViewModel.swift */ = {isa = PBXFileReference; lastKnownFileType = sourcecode.swift; path = GameViewModel.swift; sourceTree = "<group>"; };
		5FFDE6C125654BE8008E977F /* GameSummaryViewModel.swift */ = {isa = PBXFileReference; lastKnownFileType = sourcecode.swift; path = GameSummaryViewModel.swift; sourceTree = "<group>"; };
/* End PBXFileReference section */

/* Begin PBXFrameworksBuildPhase section */
		5FA8633B2529D996006B5F33 /* Frameworks */ = {
			isa = PBXFrameworksBuildPhase;
			buildActionMask = 2147483647;
			files = (
				5F9E28412911024500DCAD3B /* RealmSwift in Frameworks */,
				5F9E283F2911024500DCAD3B /* Realm in Frameworks */,
			);
			runOnlyForDeploymentPostprocessing = 0;
		};
		5FA8634C2529D997006B5F33 /* Frameworks */ = {
			isa = PBXFrameworksBuildPhase;
			buildActionMask = 2147483647;
			files = (
			);
			runOnlyForDeploymentPostprocessing = 0;
		};
		5FA863572529D997006B5F33 /* Frameworks */ = {
			isa = PBXFrameworksBuildPhase;
			buildActionMask = 2147483647;
			files = (
			);
			runOnlyForDeploymentPostprocessing = 0;
		};
/* End PBXFrameworksBuildPhase section */

/* Begin PBXGroup section */
		5F2C2588258D2B2A008D36F1 /* Presentaion */ = {
			isa = PBXGroup;
			children = (
				5FA4929B25D53E7F00BB2DE3 /* Utils */,
				5F2C2589258D2B31008D36F1 /* Flow */,
				5F2C2598258D2C12008D36F1 /* Menu */,
				5F2C259B258D2C30008D36F1 /* GameSummary */,
				5F2C2595258D2BF9008D36F1 /* Game */,
				5FC4560526F8A98F0088E279 /* Statistics */,
				5FBF32D2257E6F7F0007FBA0 /* Tutorial */,
				5F2C258C258D2B93008D36F1 /* LevelSelection */,
				5FA219E62932B7FF00653D01 /* Mail */,
			);
			path = Presentaion;
			sourceTree = "<group>";
		};
		5F2C2589258D2B31008D36F1 /* Flow */ = {
			isa = PBXGroup;
			children = (
				5F2C256F258D1DEE008D36F1 /* GameInfo.swift */,
				5F2C253B258CBDAE008D36F1 /* MenuCoordinator.swift */,
				5F2C254E258CD7F8008D36F1 /* GameCoordinator.swift */,
			);
			path = Flow;
			sourceTree = "<group>";
		};
		5F2C258A258D2B54008D36F1 /* Application */ = {
			isa = PBXGroup;
			children = (
				5FA863412529D996006B5F33 /* NBackGameApp.swift */,
				5F6921F125CB1FDF008A18C9 /* AppDelegate.swift */,
				5F2C258B258D2B70008D36F1 /* DIContainer */,
				5F69220725CB2278008A18C9 /* Migration */,
			);
			path = Application;
			sourceTree = "<group>";
		};
		5F2C258B258D2B70008D36F1 /* DIContainer */ = {
			isa = PBXGroup;
			children = (
				5F2C256A258D1D69008D36F1 /* MenuDIContainer.swift */,
				5F2C2574258D1DFD008D36F1 /* GameDIContainer.swift */,
				5FB46DF6270C5C3300B41F37 /* AppDIContainer.swift */,
			);
			path = DIContainer;
			sourceTree = "<group>";
		};
		5F2C258C258D2B93008D36F1 /* LevelSelection */ = {
			isa = PBXGroup;
			children = (
				5F2C2590258D2BE2008D36F1 /* ViewModel */,
				5F2C2594258D2BE9008D36F1 /* View */,
			);
			path = LevelSelection;
			sourceTree = "<group>";
		};
		5F2C2590258D2BE2008D36F1 /* ViewModel */ = {
			isa = PBXGroup;
			children = (
				5FC38F98256C4BC0007AF3EA /* LevelSelectionViewModel.swift */,
			);
			path = ViewModel;
			sourceTree = "<group>";
		};
		5F2C2594258D2BE9008D36F1 /* View */ = {
			isa = PBXGroup;
			children = (
				5FC38F96256C4B96007AF3EA /* LevelSelectionView.swift */,
				5F3D21BA265550A200E1FCC6 /* LevelSelectionBackButton.swift */,
			);
			path = View;
			sourceTree = "<group>";
		};
		5F2C2595258D2BF9008D36F1 /* Game */ = {
			isa = PBXGroup;
			children = (
				5F2C2597258D2C05008D36F1 /* ViewModel */,
				5F2C2596258D2C00008D36F1 /* View */,
			);
			path = Game;
			sourceTree = "<group>";
		};
		5F2C2596258D2C00008D36F1 /* View */ = {
			isa = PBXGroup;
			children = (
				5FA8636C2529E7B3006B5F33 /* GameView.swift */,
				5FC62C1E26020E7300D03AD8 /* GameButton.swift */,
				5FC62C2326020E9400D03AD8 /* MainBoard.swift */,
				5FC62C2826020EA000D03AD8 /* GameBottomPanel.swift */,
				5F3D20EC264BD33500E1FCC6 /* GameBackButton.swift */,
				5F3D21C226559AF700E1FCC6 /* GameSoundButton.swift */,
				5F3D21C726559B3B00E1FCC6 /* GamePositionButton.swift */,
				5FA8B291265E4D440026547A /* GameTopPanel.swift */,
				5F807536271DBACE00563BAA /* PlayCircle.swift */,
			);
			path = View;
			sourceTree = "<group>";
		};
		5F2C2597258D2C05008D36F1 /* ViewModel */ = {
			isa = PBXGroup;
			children = (
				5FCD41D72540A57F002635BC /* GameViewModel.swift */,
			);
			path = ViewModel;
			sourceTree = "<group>";
		};
		5F2C2598258D2C12008D36F1 /* Menu */ = {
			isa = PBXGroup;
			children = (
				5F2C259A258D2C24008D36F1 /* ViewModel */,
				5F2C2599258D2C20008D36F1 /* View */,
			);
			path = Menu;
			sourceTree = "<group>";
		};
		5F2C2599258D2C20008D36F1 /* View */ = {
			isa = PBXGroup;
			children = (
				5FA863432529D996006B5F33 /* MenuView.swift */,
				5FB46DEE270B6CAD00B41F37 /* QuotesView.swift */,
				5F807538271DBBDA00563BAA /* MenuButton.swift */,
			);
			path = View;
			sourceTree = "<group>";
		};
		5F2C259A258D2C24008D36F1 /* ViewModel */ = {
			isa = PBXGroup;
			children = (
				5F2C2546258CC6BF008D36F1 /* MenuViewModel.swift */,
			);
			path = ViewModel;
			sourceTree = "<group>";
		};
		5F2C259B258D2C30008D36F1 /* GameSummary */ = {
			isa = PBXGroup;
			children = (
				5F2C259D258D2C3A008D36F1 /* ViewModel */,
				5F2C259C258D2C35008D36F1 /* View */,
			);
			path = GameSummary;
			sourceTree = "<group>";
		};
		5F2C259C258D2C35008D36F1 /* View */ = {
			isa = PBXGroup;
			children = (
				5F3587D32565300B002BC31C /* GameSummaryView.swift */,
				5FC62C2D26020EE400D03AD8 /* SummaryTable.swift */,
				5FA8B28C265E48A90026547A /* GameSummaryButtons.swift */,
			);
			path = View;
			sourceTree = "<group>";
		};
		5F2C259D258D2C3A008D36F1 /* ViewModel */ = {
			isa = PBXGroup;
			children = (
				5FFDE6C125654BE8008E977F /* GameSummaryViewModel.swift */,
			);
			path = ViewModel;
			sourceTree = "<group>";
		};
		5F2C259E258D2C5A008D36F1 /* Resources */ = {
			isa = PBXGroup;
			children = (
				5F3C13DE2A97847E0034B161 /* GoogleService-Info.plist */,
				5FB46DF0270C4D4F00B41F37 /* Music */,
				5FA863452529D997006B5F33 /* Assets.xcassets */,
				5FA8634A2529D997006B5F33 /* Info.plist */,
				5FA863472529D997006B5F33 /* Preview Content */,
			);
			path = Resources;
			sourceTree = "<group>";
		};
		5F2C25AB258D2D62008D36F1 /* Domain */ = {
			isa = PBXGroup;
			children = (
				5F3D21CC265D2F1100E1FCC6 /* Extensions */,
				5F949A9825FA045F00512ADE /* UseCases */,
				5F2C25AC258D2D68008D36F1 /* Entities */,
				5F69221325CB25F9008A18C9 /* Utils.swift */,
				5F3C13F92A9C94DC0034B161 /* Logger.swift */,
			);
			path = Domain;
			sourceTree = "<group>";
		};
		5F2C25AC258D2D68008D36F1 /* Entities */ = {
			isa = PBXGroup;
			children = (
				5F2C2556258D1D09008D36F1 /* States.swift */,
				5F6921DC25CB1AB9008A18C9 /* UnlockedLevel.swift */,
				5F69220125CB21AF008A18C9 /* ApplicationVersion.swift */,
				5FC62C1426020E0500D03AD8 /* HistoryItem.swift */,
				5FC62C1926020E3600D03AD8 /* CurrentGameItem.swift */,
				5FC4560126F880640088E279 /* GameHistory.swift */,
				5FC4560326F8809D0088E279 /* GameHistorySingleRound.swift */,
			);
			path = Entities;
			sourceTree = "<group>";
		};
		5F3D21CC265D2F1100E1FCC6 /* Extensions */ = {
			isa = PBXGroup;
			children = (
				5F3D21CD265D2F2B00E1FCC6 /* ViewExtensions.swift */,
			);
			path = Extensions;
			sourceTree = "<group>";
		};
		5F4E04422863729800AAE226 /* Menu */ = {
			isa = PBXGroup;
			children = (
				5F4E0443286372A300AAE226 /* ViewModel */,
			);
			path = Menu;
			sourceTree = "<group>";
		};
		5F4E0443286372A300AAE226 /* ViewModel */ = {
			isa = PBXGroup;
			children = (
				5F4E0444286372B900AAE226 /* QuotesViewModelTests.swift */,
			);
			path = ViewModel;
			sourceTree = "<group>";
		};
		5F6921D325CAF9EF008A18C9 /* Storage */ = {
			isa = PBXGroup;
			children = (
				5F6921D725CB19D8008A18C9 /* UnlockedLevelRealm.swift */,
				5F6921EC25CB1D41008A18C9 /* RealmService.swift */,
				5F6921F925CB2114008A18C9 /* AppVersionRealm.swift */,
				5FC455FD26F87C3B0088E279 /* GameHistoryRealm.swift */,
				5FC455FF26F87CE40088E279 /* GameHistorySingleRoundRealm.swift */,
			);
			path = Storage;
			sourceTree = "<group>";
		};
		5F6921E225CB1C01008A18C9 /* Data */ = {
			isa = PBXGroup;
			children = (
				5FB46DF3270C521800B41F37 /* Music */,
				5F6921E325CB1C07008A18C9 /* Repositories */,
				5F6921D325CAF9EF008A18C9 /* Storage */,
			);
			path = Data;
			sourceTree = "<group>";
		};
		5F6921E325CB1C07008A18C9 /* Repositories */ = {
			isa = PBXGroup;
			children = (
				5F6921E425CB1C2D008A18C9 /* GameRepository.swift */,
			);
			path = Repositories;
			sourceTree = "<group>";
		};
		5F69220725CB2278008A18C9 /* Migration */ = {
			isa = PBXGroup;
			children = (
				5F69220825CB228F008A18C9 /* AppMigrationService.swift */,
			);
			path = Migration;
			sourceTree = "<group>";
		};
		5F949A9825FA045F00512ADE /* UseCases */ = {
			isa = PBXGroup;
			children = (
				5F949A9925FA0B3800512ADE /* CalculateGameResultsUseCase.swift */,
				5F949A9E25FA159E00512ADE /* UnlockNextLevelUseCase.swift */,
				5FC62C63260244DF00D03AD8 /* GetHighestUnlockedLevel.swift */,
				5FC455FB26F7B2150088E279 /* SaveGameUseCase.swift */,
				5FC4560C26F8B0670088E279 /* GetGamesHistoryUseCase.swift */,
				5F8503C329EC0C78006CBFDC /* RemoveGameHistoryUseCase.swift */,
			);
			path = UseCases;
			sourceTree = "<group>";
		};
		5FA219E62932B7FF00653D01 /* Mail */ = {
			isa = PBXGroup;
			children = (
				5FA219E72932B81200653D01 /* View */,
			);
			path = Mail;
			sourceTree = "<group>";
		};
		5FA219E72932B81200653D01 /* View */ = {
			isa = PBXGroup;
			children = (
				5FA219E82932B82000653D01 /* MailView.swift */,
			);
			path = View;
			sourceTree = "<group>";
		};
		5FA4929B25D53E7F00BB2DE3 /* Utils */ = {
			isa = PBXGroup;
			children = (
				5FA4929C25D53EA800BB2DE3 /* AccessibilityIdentifier.swift */,
			);
			path = Utils;
			sourceTree = "<group>";
		};
		5FA863352529D995006B5F33 = {
			isa = PBXGroup;
			children = (
				5FA863402529D996006B5F33 /* NBackGame */,
				5FA863522529D997006B5F33 /* NBackGameTests */,
				5FA8635D2529D997006B5F33 /* NBackGameUITests */,
				5FA8633F2529D996006B5F33 /* Products */,
			);
			sourceTree = "<group>";
		};
		5FA8633F2529D996006B5F33 /* Products */ = {
			isa = PBXGroup;
			children = (
				5FA8633E2529D996006B5F33 /* NBackGame.app */,
				5FA8634F2529D997006B5F33 /* NBackGameTests.xctest */,
				5FA8635A2529D997006B5F33 /* NBackGameUITests.xctest */,
			);
			name = Products;
			sourceTree = "<group>";
		};
		5FA863402529D996006B5F33 /* NBackGame */ = {
			isa = PBXGroup;
			children = (
				5F2C258A258D2B54008D36F1 /* Application */,
				5F2C2588258D2B2A008D36F1 /* Presentaion */,
				5F2C25AB258D2D62008D36F1 /* Domain */,
				5F6921E225CB1C01008A18C9 /* Data */,
				5F2C259E258D2C5A008D36F1 /* Resources */,
			);
			path = NBackGame;
			sourceTree = "<group>";
		};
		5FA863472529D997006B5F33 /* Preview Content */ = {
			isa = PBXGroup;
			children = (
				5FA863482529D997006B5F33 /* Preview Assets.xcassets */,
			);
			path = "Preview Content";
			sourceTree = "<group>";
		};
		5FA863522529D997006B5F33 /* NBackGameTests */ = {
			isa = PBXGroup;
			children = (
				5FC62C32260218BA00D03AD8 /* Presentation */,
				5FC62C35260218EB00D03AD8 /* Domain */,
				5FA863552529D997006B5F33 /* Info.plist */,
			);
			path = NBackGameTests;
			sourceTree = "<group>";
		};
		5FA8635D2529D997006B5F33 /* NBackGameUITests */ = {
			isa = PBXGroup;
			children = (
				5FA8B2A4265FA44E0026547A /* fastlane */,
				5F69227425D2C9DB008A18C9 /* PlayGameUITests.swift */,
				5FA492B525D54DD300BB2DE3 /* TutorialUITests.swift */,
				5F3D20F4264BDC1100E1FCC6 /* LevelSelectionUITests.swift */,
				5F8503C529F1861D006CBFDC /* Helpers.swift */,
				5FA863602529D997006B5F33 /* Info.plist */,
			);
			path = NBackGameUITests;
			sourceTree = "<group>";
		};
		5FA8B2A4265FA44E0026547A /* fastlane */ = {
			isa = PBXGroup;
			children = (
				5FA8B29C265FA4400026547A /* SnapshotHelper.swift */,
				5FA8B2B0265FAEEE0026547A /* SnapshotUITests.swift */,
			);
			path = fastlane;
			sourceTree = "<group>";
		};
		5FB46DF0270C4D4F00B41F37 /* Music */ = {
			isa = PBXGroup;
			children = (
				5F85D2FD297C67DC002A85CD /* s.mp3 */,
				5F85D2EB297C65E1002A85CD /* b.wav */,
				5F85D2EF297C65E1002A85CD /* d.wav */,
				5F85D2EC297C65E1002A85CD /* g.wav */,
				5F85D2F2297C65E1002A85CD /* k.wav */,
				5F85D2F3297C65E1002A85CD /* l.wav */,
				5F85D2EE297C65E1002A85CD /* m.wav */,
				5F85D2F1297C65E1002A85CD /* p.wav */,
				5F85D2ED297C65E1002A85CD /* s.wav */,
				5F85D2F0297C65E1002A85CD /* t.wav */,
				5FB46DF9271A082F00B41F37 /* background.m4a */,
			);
			path = Music;
			sourceTree = "<group>";
		};
		5FB46DF3270C521800B41F37 /* Music */ = {
			isa = PBXGroup;
			children = (
				5FB46DF4270C526700B41F37 /* MusicService.swift */,
			);
			path = Music;
			sourceTree = "<group>";
		};
		5FBF32D2257E6F7F0007FBA0 /* Tutorial */ = {
			isa = PBXGroup;
			children = (
				5FBF32E6257E70300007FBA0 /* ViewModel */,
				5FBF32D3257E6F8F0007FBA0 /* View */,
			);
			path = Tutorial;
			sourceTree = "<group>";
		};
		5FBF32D3257E6F8F0007FBA0 /* View */ = {
			isa = PBXGroup;
			children = (
				5F05FB83256686E500984BD5 /* TutorialView.swift */,
				5FBF32D4257E6FA00007FBA0 /* TutorialText.swift */,
				5FBF32DC257E6FCB0007FBA0 /* TutorialSteps.swift */,
				5FBF32E1257E70080007FBA0 /* TutorialNavigationView.swift */,
				5FB46DEC270B625200B41F37 /* TutorialTopPanelView.swift */,
			);
			path = View;
			sourceTree = "<group>";
		};
		5FBF32E6257E70300007FBA0 /* ViewModel */ = {
			isa = PBXGroup;
			children = (
				5F05FB85256686F500984BD5 /* TutorialViewModel.swift */,
			);
			path = ViewModel;
			sourceTree = "<group>";
		};
		5FC4560526F8A98F0088E279 /* Statistics */ = {
			isa = PBXGroup;
			children = (
				5FC4560626F8A99C0088E279 /* ViewModel */,
				5FC4560726F8A9A10088E279 /* View */,
			);
			path = Statistics;
			sourceTree = "<group>";
		};
		5FC4560626F8A99C0088E279 /* ViewModel */ = {
			isa = PBXGroup;
			children = (
				5FC4560A26F8A9C60088E279 /* StatisticsViewModel.swift */,
			);
			path = ViewModel;
			sourceTree = "<group>";
		};
		5FC4560726F8A9A10088E279 /* View */ = {
			isa = PBXGroup;
			children = (
				5FC4560826F8A9B30088E279 /* StatisticsView.swift */,
				5FC4560E26F9E0F20088E279 /* StatisticsTopPanelView.swift */,
			);
			path = View;
			sourceTree = "<group>";
		};
		5FC62C32260218BA00D03AD8 /* Presentation */ = {
			isa = PBXGroup;
			children = (
				5F4E04422863729800AAE226 /* Menu */,
				5FC62C5426022BC800D03AD8 /* LevelSelection */,
				5FC62C4A2602269200D03AD8 /* Game */,
				5FC62C33260218C900D03AD8 /* GameSummary */,
				5FC62C3D2602234300D03AD8 /* Tutorial */,
			);
			path = Presentation;
			sourceTree = "<group>";
		};
		5FC62C33260218C900D03AD8 /* GameSummary */ = {
			isa = PBXGroup;
			children = (
				5FC62C34260218DA00D03AD8 /* ViewModel */,
			);
			path = GameSummary;
			sourceTree = "<group>";
		};
		5FC62C34260218DA00D03AD8 /* ViewModel */ = {
			isa = PBXGroup;
			children = (
				5F802ED325DFDF1600AF85EE /* GameSummaryViewModelTests.swift */,
			);
			path = ViewModel;
			sourceTree = "<group>";
		};
		5FC62C35260218EB00D03AD8 /* Domain */ = {
			isa = PBXGroup;
			children = (
				5FC62C36260218F100D03AD8 /* UseCases */,
			);
			path = Domain;
			sourceTree = "<group>";
		};
		5FC62C36260218F100D03AD8 /* UseCases */ = {
			isa = PBXGroup;
			children = (
				5F949AA325FA64AF00512ADE /* CalculateGameResultsUseCaseTests.swift */,
				5FC62C6E2602454C00D03AD8 /* FetchHighestUnlockedLevelUseCaseTests.swift */,
			);
			path = UseCases;
			sourceTree = "<group>";
		};
		5FC62C3D2602234300D03AD8 /* Tutorial */ = {
			isa = PBXGroup;
			children = (
				5FC62C3E2602234A00D03AD8 /* ViewModel */,
			);
			path = Tutorial;
			sourceTree = "<group>";
		};
		5FC62C3E2602234A00D03AD8 /* ViewModel */ = {
			isa = PBXGroup;
			children = (
				5FC62C3F2602235E00D03AD8 /* TutorialViewModelTests.swift */,
			);
			path = ViewModel;
			sourceTree = "<group>";
		};
		5FC62C4A2602269200D03AD8 /* Game */ = {
			isa = PBXGroup;
			children = (
				5FC62C4B2602269900D03AD8 /* ViewModel */,
			);
			path = Game;
			sourceTree = "<group>";
		};
		5FC62C4B2602269900D03AD8 /* ViewModel */ = {
			isa = PBXGroup;
			children = (
				5FC62C4C260226A800D03AD8 /* GameViewModelTests.swift */,
			);
			path = ViewModel;
			sourceTree = "<group>";
		};
		5FC62C5426022BC800D03AD8 /* LevelSelection */ = {
			isa = PBXGroup;
			children = (
				5FC62C5526022BCE00D03AD8 /* ViewModel */,
			);
			path = LevelSelection;
			sourceTree = "<group>";
		};
		5FC62C5526022BCE00D03AD8 /* ViewModel */ = {
			isa = PBXGroup;
			children = (
				5FC62C5626022BE800D03AD8 /* LevelSelectionViewModelTests.swift */,
			);
			path = ViewModel;
			sourceTree = "<group>";
		};
/* End PBXGroup section */

/* Begin PBXNativeTarget section */
		5FA8633D2529D996006B5F33 /* NBackGame */ = {
			isa = PBXNativeTarget;
			buildConfigurationList = 5FA863632529D997006B5F33 /* Build configuration list for PBXNativeTarget "NBackGame" */;
			buildPhases = (
				5FA8633A2529D996006B5F33 /* Sources */,
				5FA8633B2529D996006B5F33 /* Frameworks */,
				5FA8633C2529D996006B5F33 /* Resources */,
			);
			buildRules = (
			);
			dependencies = (
			);
			name = NBackGame;
			packageProductDependencies = (
				5F9E283E2911024500DCAD3B /* Realm */,
				5F9E28402911024500DCAD3B /* RealmSwift */,
			);
			productName = NBackGame;
			productReference = 5FA8633E2529D996006B5F33 /* NBackGame.app */;
			productType = "com.apple.product-type.application";
		};
		5FA8634E2529D997006B5F33 /* NBackGameTests */ = {
			isa = PBXNativeTarget;
			buildConfigurationList = 5FA863662529D997006B5F33 /* Build configuration list for PBXNativeTarget "NBackGameTests" */;
			buildPhases = (
				5FA8634B2529D997006B5F33 /* Sources */,
				5FA8634C2529D997006B5F33 /* Frameworks */,
				5FA8634D2529D997006B5F33 /* Resources */,
			);
			buildRules = (
			);
			dependencies = (
				5FA863512529D997006B5F33 /* PBXTargetDependency */,
			);
			name = NBackGameTests;
			productName = NBackGameTests;
			productReference = 5FA8634F2529D997006B5F33 /* NBackGameTests.xctest */;
			productType = "com.apple.product-type.bundle.unit-test";
		};
		5FA863592529D997006B5F33 /* NBackGameUITests */ = {
			isa = PBXNativeTarget;
			buildConfigurationList = 5FA863692529D997006B5F33 /* Build configuration list for PBXNativeTarget "NBackGameUITests" */;
			buildPhases = (
				5FA863562529D997006B5F33 /* Sources */,
				5FA863572529D997006B5F33 /* Frameworks */,
				5FA863582529D997006B5F33 /* Resources */,
			);
			buildRules = (
			);
			dependencies = (
				5FA8635C2529D997006B5F33 /* PBXTargetDependency */,
			);
			name = NBackGameUITests;
			productName = NBackGameUITests;
			productReference = 5FA8635A2529D997006B5F33 /* NBackGameUITests.xctest */;
			productType = "com.apple.product-type.bundle.ui-testing";
		};
/* End PBXNativeTarget section */

/* Begin PBXProject section */
		5FA863362529D995006B5F33 /* Project object */ = {
			isa = PBXProject;
			attributes = {
				LastSwiftUpdateCheck = 1200;
				LastUpgradeCheck = 1200;
				TargetAttributes = {
					5FA8633D2529D996006B5F33 = {
						CreatedOnToolsVersion = 12.0;
					};
					5FA8634E2529D997006B5F33 = {
						CreatedOnToolsVersion = 12.0;
						TestTargetID = 5FA8633D2529D996006B5F33;
					};
					5FA863592529D997006B5F33 = {
						CreatedOnToolsVersion = 12.0;
						TestTargetID = 5FA8633D2529D996006B5F33;
					};
				};
			};
			buildConfigurationList = 5FA863392529D995006B5F33 /* Build configuration list for PBXProject "NBackGame" */;
			compatibilityVersion = "Xcode 11.0";
			developmentRegion = en;
			hasScannedForEncodings = 0;
			knownRegions = (
				en,
				Base,
			);
			mainGroup = 5FA863352529D995006B5F33;
			packageReferences = (
				5F9E283D2911024500DCAD3B /* XCRemoteSwiftPackageReference "realm-swift" */,
			);
			productRefGroup = 5FA8633F2529D996006B5F33 /* Products */;
			projectDirPath = "";
			projectRoot = "";
			targets = (
				5FA8633D2529D996006B5F33 /* NBackGame */,
				5FA8634E2529D997006B5F33 /* NBackGameTests */,
				5FA863592529D997006B5F33 /* NBackGameUITests */,
			);
		};
/* End PBXProject section */

/* Begin PBXResourcesBuildPhase section */
		5FA8633C2529D996006B5F33 /* Resources */ = {
			isa = PBXResourcesBuildPhase;
			buildActionMask = 2147483647;
			files = (
				5F85D2FB297C65E2002A85CD /* k.wav in Resources */,
				5F85D2F9297C65E2002A85CD /* t.wav in Resources */,
				5F85D2F6297C65E2002A85CD /* s.wav in Resources */,
				5F85D2FE297C67DC002A85CD /* s.mp3 in Resources */,
				5FA863492529D997006B5F33 /* Preview Assets.xcassets in Resources */,
				5F85D2F7297C65E2002A85CD /* m.wav in Resources */,
				5FB46DFA271A082F00B41F37 /* background.m4a in Resources */,
				5F85D2F5297C65E2002A85CD /* g.wav in Resources */,
				5F85D2F8297C65E2002A85CD /* d.wav in Resources */,
				5FA863462529D997006B5F33 /* Assets.xcassets in Resources */,
				5F85D2FC297C65E2002A85CD /* l.wav in Resources */,
				5F85D2F4297C65E2002A85CD /* b.wav in Resources */,
				5F85D2FA297C65E2002A85CD /* p.wav in Resources */,
				5F3C13DF2A97847E0034B161 /* GoogleService-Info.plist in Resources */,
			);
			runOnlyForDeploymentPostprocessing = 0;
		};
		5FA8634D2529D997006B5F33 /* Resources */ = {
			isa = PBXResourcesBuildPhase;
			buildActionMask = 2147483647;
			files = (
			);
			runOnlyForDeploymentPostprocessing = 0;
		};
		5FA863582529D997006B5F33 /* Resources */ = {
			isa = PBXResourcesBuildPhase;
			buildActionMask = 2147483647;
			files = (
			);
			runOnlyForDeploymentPostprocessing = 0;
		};
/* End PBXResourcesBuildPhase section */

/* Begin PBXSourcesBuildPhase section */
		5FA8633A2529D996006B5F33 /* Sources */ = {
			isa = PBXSourcesBuildPhase;
			buildActionMask = 2147483647;
			files = (
				5FA8B28D265E48A90026547A /* GameSummaryButtons.swift in Sources */,
				5F2C253C258CBDAE008D36F1 /* MenuCoordinator.swift in Sources */,
				5FC455FC26F7B2150088E279 /* SaveGameUseCase.swift in Sources */,
				5FA219E92932B82000653D01 /* MailView.swift in Sources */,
				5F6921FA25CB2114008A18C9 /* AppVersionRealm.swift in Sources */,
				5F05FB84256686E500984BD5 /* TutorialView.swift in Sources */,
				5F949A9F25FA159E00512ADE /* UnlockNextLevelUseCase.swift in Sources */,
				5F3C13FA2A9C94DC0034B161 /* Logger.swift in Sources */,
				5FCD41D82540A57F002635BC /* GameViewModel.swift in Sources */,
				5FC4560026F87CE40088E279 /* GameHistorySingleRoundRealm.swift in Sources */,
				5FC4560F26F9E0F30088E279 /* StatisticsTopPanelView.swift in Sources */,
				5FC62C2426020E9400D03AD8 /* MainBoard.swift in Sources */,
				5F6921D825CB19D8008A18C9 /* UnlockedLevelRealm.swift in Sources */,
				5F69220225CB21AF008A18C9 /* ApplicationVersion.swift in Sources */,
				5F8503C429EC0C78006CBFDC /* RemoveGameHistoryUseCase.swift in Sources */,
				5F69220925CB228F008A18C9 /* AppMigrationService.swift in Sources */,
				5FA4929D25D53EA800BB2DE3 /* AccessibilityIdentifier.swift in Sources */,
				5FB46DED270B625200B41F37 /* TutorialTopPanelView.swift in Sources */,
				5F3D21C326559AF800E1FCC6 /* GameSoundButton.swift in Sources */,
				5FC62C1A26020E3600D03AD8 /* CurrentGameItem.swift in Sources */,
				5F2C2547258CC6BF008D36F1 /* MenuViewModel.swift in Sources */,
				5F69221425CB25F9008A18C9 /* Utils.swift in Sources */,
				5F2C256B258D1D69008D36F1 /* MenuDIContainer.swift in Sources */,
				5F807539271DBBDA00563BAA /* MenuButton.swift in Sources */,
				5FC38F99256C4BC0007AF3EA /* LevelSelectionViewModel.swift in Sources */,
				5FC4560B26F8A9C60088E279 /* StatisticsViewModel.swift in Sources */,
				5F6921ED25CB1D41008A18C9 /* RealmService.swift in Sources */,
				5F6921E525CB1C2D008A18C9 /* GameRepository.swift in Sources */,
				5FBF32D5257E6FA00007FBA0 /* TutorialText.swift in Sources */,
				5F05FB86256686F500984BD5 /* TutorialViewModel.swift in Sources */,
				5F3587D42565300B002BC31C /* GameSummaryView.swift in Sources */,
				5FBF32E2257E70080007FBA0 /* TutorialNavigationView.swift in Sources */,
				5F6921F225CB1FDF008A18C9 /* AppDelegate.swift in Sources */,
				5F807537271DBACE00563BAA /* PlayCircle.swift in Sources */,
				5FA863442529D996006B5F33 /* MenuView.swift in Sources */,
				5FA8636D2529E7B3006B5F33 /* GameView.swift in Sources */,
				5F949A9A25FA0B3800512ADE /* CalculateGameResultsUseCase.swift in Sources */,
				5FB46DF7270C5C3300B41F37 /* AppDIContainer.swift in Sources */,
				5F6921DD25CB1AB9008A18C9 /* UnlockedLevel.swift in Sources */,
				5F3D20ED264BD33500E1FCC6 /* GameBackButton.swift in Sources */,
				5FC4560D26F8B0670088E279 /* GetGamesHistoryUseCase.swift in Sources */,
				5FB46DEF270B6CAD00B41F37 /* QuotesView.swift in Sources */,
				5FC62C1F26020E7300D03AD8 /* GameButton.swift in Sources */,
				5FC62C2E26020EE400D03AD8 /* SummaryTable.swift in Sources */,
				5FC455FE26F87C3B0088E279 /* GameHistoryRealm.swift in Sources */,
				5F3D21C826559B3B00E1FCC6 /* GamePositionButton.swift in Sources */,
				5FC38F97256C4B96007AF3EA /* LevelSelectionView.swift in Sources */,
				5FBF32DD257E6FCB0007FBA0 /* TutorialSteps.swift in Sources */,
				5FC4560426F8809D0088E279 /* GameHistorySingleRound.swift in Sources */,
				5F2C254F258CD7F8008D36F1 /* GameCoordinator.swift in Sources */,
				5FB46DF5270C526700B41F37 /* MusicService.swift in Sources */,
				5FC62C2926020EA000D03AD8 /* GameBottomPanel.swift in Sources */,
				5FC4560226F880640088E279 /* GameHistory.swift in Sources */,
				5FA863422529D996006B5F33 /* NBackGameApp.swift in Sources */,
				5FC62C1526020E0500D03AD8 /* HistoryItem.swift in Sources */,
				5F2C2570258D1DEE008D36F1 /* GameInfo.swift in Sources */,
				5F2C2557258D1D09008D36F1 /* States.swift in Sources */,
				5FC62C64260244DF00D03AD8 /* GetHighestUnlockedLevel.swift in Sources */,
				5FFDE6C225654BE8008E977F /* GameSummaryViewModel.swift in Sources */,
				5FA8B292265E4D440026547A /* GameTopPanel.swift in Sources */,
				5F3D21BB265550A200E1FCC6 /* LevelSelectionBackButton.swift in Sources */,
				5F2C2575258D1DFD008D36F1 /* GameDIContainer.swift in Sources */,
				5FC4560926F8A9B30088E279 /* StatisticsView.swift in Sources */,
				5F3D21CE265D2F2D00E1FCC6 /* ViewExtensions.swift in Sources */,
			);
			runOnlyForDeploymentPostprocessing = 0;
		};
		5FA8634B2529D997006B5F33 /* Sources */ = {
			isa = PBXSourcesBuildPhase;
			buildActionMask = 2147483647;
			files = (
				5FC62C5726022BE800D03AD8 /* LevelSelectionViewModelTests.swift in Sources */,
				5FC62C4D260226A800D03AD8 /* GameViewModelTests.swift in Sources */,
				5F949AA425FA64AF00512ADE /* CalculateGameResultsUseCaseTests.swift in Sources */,
				5F4E0445286372B900AAE226 /* QuotesViewModelTests.swift in Sources */,
				5FC62C6F2602454C00D03AD8 /* FetchHighestUnlockedLevelUseCaseTests.swift in Sources */,
				5FC62C402602235E00D03AD8 /* TutorialViewModelTests.swift in Sources */,
				5F802ED425DFDF1600AF85EE /* GameSummaryViewModelTests.swift in Sources */,
			);
			runOnlyForDeploymentPostprocessing = 0;
		};
		5FA863562529D997006B5F33 /* Sources */ = {
			isa = PBXSourcesBuildPhase;
			buildActionMask = 2147483647;
			files = (
				5FA8B29D265FA4400026547A /* SnapshotHelper.swift in Sources */,
				5F8503C629F1861D006CBFDC /* Helpers.swift in Sources */,
				5FA8B2B1265FAEEE0026547A /* SnapshotUITests.swift in Sources */,
				5FA492B625D54DD300BB2DE3 /* TutorialUITests.swift in Sources */,
				5F3D20F5264BDC1100E1FCC6 /* LevelSelectionUITests.swift in Sources */,
				5FA492A825D5447B00BB2DE3 /* AccessibilityIdentifier.swift in Sources */,
				5F69227525D2C9DB008A18C9 /* PlayGameUITests.swift in Sources */,
			);
			runOnlyForDeploymentPostprocessing = 0;
		};
/* End PBXSourcesBuildPhase section */

/* Begin PBXTargetDependency section */
		5FA863512529D997006B5F33 /* PBXTargetDependency */ = {
			isa = PBXTargetDependency;
			target = 5FA8633D2529D996006B5F33 /* NBackGame */;
			targetProxy = 5FA863502529D997006B5F33 /* PBXContainerItemProxy */;
		};
		5FA8635C2529D997006B5F33 /* PBXTargetDependency */ = {
			isa = PBXTargetDependency;
			target = 5FA8633D2529D996006B5F33 /* NBackGame */;
			targetProxy = 5FA8635B2529D997006B5F33 /* PBXContainerItemProxy */;
		};
/* End PBXTargetDependency section */

/* Begin XCBuildConfiguration section */
		5FA863612529D997006B5F33 /* Debug */ = {
			isa = XCBuildConfiguration;
			buildSettings = {
				ALWAYS_SEARCH_USER_PATHS = NO;
				CLANG_ANALYZER_NONNULL = YES;
				CLANG_ANALYZER_NUMBER_OBJECT_CONVERSION = YES_AGGRESSIVE;
				CLANG_CXX_LANGUAGE_STANDARD = "gnu++14";
				CLANG_CXX_LIBRARY = "libc++";
				CLANG_ENABLE_MODULES = YES;
				CLANG_ENABLE_OBJC_ARC = YES;
				CLANG_ENABLE_OBJC_WEAK = YES;
				CLANG_WARN_BLOCK_CAPTURE_AUTORELEASING = YES;
				CLANG_WARN_BOOL_CONVERSION = YES;
				CLANG_WARN_COMMA = YES;
				CLANG_WARN_CONSTANT_CONVERSION = YES;
				CLANG_WARN_DEPRECATED_OBJC_IMPLEMENTATIONS = YES;
				CLANG_WARN_DIRECT_OBJC_ISA_USAGE = YES_ERROR;
				CLANG_WARN_DOCUMENTATION_COMMENTS = YES;
				CLANG_WARN_EMPTY_BODY = YES;
				CLANG_WARN_ENUM_CONVERSION = YES;
				CLANG_WARN_INFINITE_RECURSION = YES;
				CLANG_WARN_INT_CONVERSION = YES;
				CLANG_WARN_NON_LITERAL_NULL_CONVERSION = YES;
				CLANG_WARN_OBJC_IMPLICIT_RETAIN_SELF = YES;
				CLANG_WARN_OBJC_LITERAL_CONVERSION = YES;
				CLANG_WARN_OBJC_ROOT_CLASS = YES_ERROR;
				CLANG_WARN_QUOTED_INCLUDE_IN_FRAMEWORK_HEADER = YES;
				CLANG_WARN_RANGE_LOOP_ANALYSIS = YES;
				CLANG_WARN_STRICT_PROTOTYPES = YES;
				CLANG_WARN_SUSPICIOUS_MOVE = YES;
				CLANG_WARN_UNGUARDED_AVAILABILITY = YES_AGGRESSIVE;
				CLANG_WARN_UNREACHABLE_CODE = YES;
				CLANG_WARN__DUPLICATE_METHOD_MATCH = YES;
				COPY_PHASE_STRIP = NO;
				DEBUG_INFORMATION_FORMAT = "dwarf-with-dsym";
				ENABLE_STRICT_OBJC_MSGSEND = YES;
				ENABLE_TESTABILITY = YES;
				GCC_C_LANGUAGE_STANDARD = gnu11;
				GCC_DYNAMIC_NO_PIC = NO;
				GCC_NO_COMMON_BLOCKS = YES;
				GCC_OPTIMIZATION_LEVEL = 0;
				GCC_PREPROCESSOR_DEFINITIONS = (
					"DEBUG=1",
					"$(inherited)",
				);
				GCC_WARN_64_TO_32_BIT_CONVERSION = YES;
				GCC_WARN_ABOUT_RETURN_TYPE = YES_ERROR;
				GCC_WARN_UNDECLARED_SELECTOR = YES;
				GCC_WARN_UNINITIALIZED_AUTOS = YES_AGGRESSIVE;
				GCC_WARN_UNUSED_FUNCTION = YES;
				GCC_WARN_UNUSED_VARIABLE = YES;
				IPHONEOS_DEPLOYMENT_TARGET = 14.0;
				MTL_ENABLE_DEBUG_INFO = INCLUDE_SOURCE;
				MTL_FAST_MATH = YES;
				ONLY_ACTIVE_ARCH = YES;
				SDKROOT = iphoneos;
				SWIFT_ACTIVE_COMPILATION_CONDITIONS = DEBUG;
				SWIFT_OPTIMIZATION_LEVEL = "-Onone";
			};
			name = Debug;
		};
		5FA863622529D997006B5F33 /* Release */ = {
			isa = XCBuildConfiguration;
			buildSettings = {
				ALWAYS_SEARCH_USER_PATHS = NO;
				CLANG_ANALYZER_NONNULL = YES;
				CLANG_ANALYZER_NUMBER_OBJECT_CONVERSION = YES_AGGRESSIVE;
				CLANG_CXX_LANGUAGE_STANDARD = "gnu++14";
				CLANG_CXX_LIBRARY = "libc++";
				CLANG_ENABLE_MODULES = YES;
				CLANG_ENABLE_OBJC_ARC = YES;
				CLANG_ENABLE_OBJC_WEAK = YES;
				CLANG_WARN_BLOCK_CAPTURE_AUTORELEASING = YES;
				CLANG_WARN_BOOL_CONVERSION = YES;
				CLANG_WARN_COMMA = YES;
				CLANG_WARN_CONSTANT_CONVERSION = YES;
				CLANG_WARN_DEPRECATED_OBJC_IMPLEMENTATIONS = YES;
				CLANG_WARN_DIRECT_OBJC_ISA_USAGE = YES_ERROR;
				CLANG_WARN_DOCUMENTATION_COMMENTS = YES;
				CLANG_WARN_EMPTY_BODY = YES;
				CLANG_WARN_ENUM_CONVERSION = YES;
				CLANG_WARN_INFINITE_RECURSION = YES;
				CLANG_WARN_INT_CONVERSION = YES;
				CLANG_WARN_NON_LITERAL_NULL_CONVERSION = YES;
				CLANG_WARN_OBJC_IMPLICIT_RETAIN_SELF = YES;
				CLANG_WARN_OBJC_LITERAL_CONVERSION = YES;
				CLANG_WARN_OBJC_ROOT_CLASS = YES_ERROR;
				CLANG_WARN_QUOTED_INCLUDE_IN_FRAMEWORK_HEADER = YES;
				CLANG_WARN_RANGE_LOOP_ANALYSIS = YES;
				CLANG_WARN_STRICT_PROTOTYPES = YES;
				CLANG_WARN_SUSPICIOUS_MOVE = YES;
				CLANG_WARN_UNGUARDED_AVAILABILITY = YES_AGGRESSIVE;
				CLANG_WARN_UNREACHABLE_CODE = YES;
				CLANG_WARN__DUPLICATE_METHOD_MATCH = YES;
				COPY_PHASE_STRIP = NO;
				DEBUG_INFORMATION_FORMAT = "dwarf-with-dsym";
				ENABLE_NS_ASSERTIONS = NO;
				ENABLE_STRICT_OBJC_MSGSEND = YES;
				GCC_C_LANGUAGE_STANDARD = gnu11;
				GCC_NO_COMMON_BLOCKS = YES;
				GCC_WARN_64_TO_32_BIT_CONVERSION = YES;
				GCC_WARN_ABOUT_RETURN_TYPE = YES_ERROR;
				GCC_WARN_UNDECLARED_SELECTOR = YES;
				GCC_WARN_UNINITIALIZED_AUTOS = YES_AGGRESSIVE;
				GCC_WARN_UNUSED_FUNCTION = YES;
				GCC_WARN_UNUSED_VARIABLE = YES;
				IPHONEOS_DEPLOYMENT_TARGET = 14.0;
				MTL_ENABLE_DEBUG_INFO = NO;
				MTL_FAST_MATH = YES;
				SDKROOT = iphoneos;
				SWIFT_COMPILATION_MODE = wholemodule;
				SWIFT_OPTIMIZATION_LEVEL = "-O";
				VALIDATE_PRODUCT = YES;
			};
			name = Release;
		};
		5FA863642529D997006B5F33 /* Debug */ = {
			isa = XCBuildConfiguration;
			buildSettings = {
				ALWAYS_EMBED_SWIFT_STANDARD_LIBRARIES = YES;
				ASSETCATALOG_COMPILER_APPICON_NAME = AppIcon;
				ASSETCATALOG_COMPILER_GLOBAL_ACCENT_COLOR_NAME = AccentColor;
				CODE_SIGN_ENTITLEMENTS = "";
				CODE_SIGN_IDENTITY = "iPhone Developer";
				CODE_SIGN_STYLE = Manual;
				CURRENT_PROJECT_VERSION = 1;
				DEVELOPMENT_ASSET_PATHS = "\"NBackGame/Resources/Preview Content\"";
				DEVELOPMENT_TEAM = JKY8VL4356;
				ENABLE_PREVIEWS = YES;
				INFOPLIST_FILE = NBackGame/Resources/Info.plist;
				IPHONEOS_DEPLOYMENT_TARGET = 14.0;
				LD_RUNPATH_SEARCH_PATHS = (
					"$(inherited)",
					"@executable_path/Frameworks",
				);
				MARKETING_VERSION = 22.0;
				PRODUCT_BUNDLE_IDENTIFIER = com.smashswift.nback;
				PRODUCT_NAME = "$(TARGET_NAME)";
				PROVISIONING_PROFILE_SPECIFIER = "match Development com.smashswift.nback";
				SUPPORTS_MACCATALYST = NO;
				SWIFT_VERSION = 5.0;
				TARGETED_DEVICE_FAMILY = "1,2";
			};
			name = Debug;
		};
		5FA863652529D997006B5F33 /* Release */ = {
			isa = XCBuildConfiguration;
			buildSettings = {
				ALWAYS_EMBED_SWIFT_STANDARD_LIBRARIES = YES;
				ASSETCATALOG_COMPILER_APPICON_NAME = AppIcon;
				ASSETCATALOG_COMPILER_GLOBAL_ACCENT_COLOR_NAME = AccentColor;
				CODE_SIGN_ENTITLEMENTS = "";
				CODE_SIGN_IDENTITY = "iPhone Distribution";
				CODE_SIGN_STYLE = Manual;
				CURRENT_PROJECT_VERSION = 1;
				DEVELOPMENT_ASSET_PATHS = "\"NBackGame/Resources/Preview Content\"";
				DEVELOPMENT_TEAM = JKY8VL4356;
				ENABLE_PREVIEWS = YES;
				INFOPLIST_FILE = NBackGame/Resources/Info.plist;
				IPHONEOS_DEPLOYMENT_TARGET = 14.0;
				LD_RUNPATH_SEARCH_PATHS = (
					"$(inherited)",
					"@executable_path/Frameworks",
				);
				MARKETING_VERSION = 22.0;
				PRODUCT_BUNDLE_IDENTIFIER = com.smashswift.nback;
				PRODUCT_NAME = "$(TARGET_NAME)";
				PROVISIONING_PROFILE_SPECIFIER = "match AppStore com.smashswift.nback";
				SUPPORTS_MACCATALYST = NO;
				SWIFT_VERSION = 5.0;
				TARGETED_DEVICE_FAMILY = "1,2";
			};
			name = Release;
		};
		5FA863672529D997006B5F33 /* Debug */ = {
			isa = XCBuildConfiguration;
			buildSettings = {
				ALWAYS_EMBED_SWIFT_STANDARD_LIBRARIES = YES;
				BUNDLE_LOADER = "$(TEST_HOST)";
				CODE_SIGN_STYLE = Automatic;
				CURRENT_PROJECT_VERSION = 1;
				DEVELOPMENT_TEAM = JKY8VL4356;
				INFOPLIST_FILE = NBackGameTests/Info.plist;
				IPHONEOS_DEPLOYMENT_TARGET = 14.0;
				LD_RUNPATH_SEARCH_PATHS = (
					"$(inherited)",
					"@executable_path/Frameworks",
					"@loader_path/Frameworks",
				);
				PRODUCT_BUNDLE_IDENTIFIER = com.smashswift.NBackGameTests;
				PRODUCT_NAME = "$(TARGET_NAME)";
				SWIFT_VERSION = 5.0;
				TARGETED_DEVICE_FAMILY = "1,2";
				TEST_HOST = "$(BUILT_PRODUCTS_DIR)/NBackGame.app/NBackGame";
			};
			name = Debug;
		};
		5FA863682529D997006B5F33 /* Release */ = {
			isa = XCBuildConfiguration;
			buildSettings = {
				ALWAYS_EMBED_SWIFT_STANDARD_LIBRARIES = YES;
				BUNDLE_LOADER = "$(TEST_HOST)";
				CODE_SIGN_STYLE = Automatic;
				CURRENT_PROJECT_VERSION = 1;
				DEVELOPMENT_TEAM = JKY8VL4356;
				INFOPLIST_FILE = NBackGameTests/Info.plist;
				IPHONEOS_DEPLOYMENT_TARGET = 14.0;
				LD_RUNPATH_SEARCH_PATHS = (
					"$(inherited)",
					"@executable_path/Frameworks",
					"@loader_path/Frameworks",
				);
				PRODUCT_BUNDLE_IDENTIFIER = com.smashswift.NBackGameTests;
				PRODUCT_NAME = "$(TARGET_NAME)";
				SWIFT_VERSION = 5.0;
				TARGETED_DEVICE_FAMILY = "1,2";
				TEST_HOST = "$(BUILT_PRODUCTS_DIR)/NBackGame.app/NBackGame";
			};
			name = Release;
		};
		5FA8636A2529D997006B5F33 /* Debug */ = {
			isa = XCBuildConfiguration;
			buildSettings = {
				ALWAYS_EMBED_SWIFT_STANDARD_LIBRARIES = YES;
				CODE_SIGN_STYLE = Automatic;
				CURRENT_PROJECT_VERSION = 1;
				DEVELOPMENT_TEAM = JKY8VL4356;
				INFOPLIST_FILE = NBackGameUITests/Info.plist;
				LD_RUNPATH_SEARCH_PATHS = (
					"$(inherited)",
					"@executable_path/Frameworks",
					"@loader_path/Frameworks",
				);
				PRODUCT_BUNDLE_IDENTIFIER = com.smashswift.NBackGameUITests;
				PRODUCT_NAME = "$(TARGET_NAME)";
				SWIFT_VERSION = 5.0;
				TARGETED_DEVICE_FAMILY = "1,2";
				TEST_TARGET_NAME = NBackGame;
			};
			name = Debug;
		};
		5FA8636B2529D997006B5F33 /* Release */ = {
			isa = XCBuildConfiguration;
			buildSettings = {
				ALWAYS_EMBED_SWIFT_STANDARD_LIBRARIES = YES;
				CODE_SIGN_STYLE = Automatic;
				CURRENT_PROJECT_VERSION = 1;
				DEVELOPMENT_TEAM = JKY8VL4356;
				INFOPLIST_FILE = NBackGameUITests/Info.plist;
				LD_RUNPATH_SEARCH_PATHS = (
					"$(inherited)",
					"@executable_path/Frameworks",
					"@loader_path/Frameworks",
				);
				PRODUCT_BUNDLE_IDENTIFIER = com.smashswift.NBackGameUITests;
				PRODUCT_NAME = "$(TARGET_NAME)";
				SWIFT_VERSION = 5.0;
				TARGETED_DEVICE_FAMILY = "1,2";
				TEST_TARGET_NAME = NBackGame;
			};
			name = Release;
		};
/* End XCBuildConfiguration section */

/* Begin XCConfigurationList section */
		5FA863392529D995006B5F33 /* Build configuration list for PBXProject "NBackGame" */ = {
			isa = XCConfigurationList;
			buildConfigurations = (
				5FA863612529D997006B5F33 /* Debug */,
				5FA863622529D997006B5F33 /* Release */,
			);
			defaultConfigurationIsVisible = 0;
			defaultConfigurationName = Release;
		};
		5FA863632529D997006B5F33 /* Build configuration list for PBXNativeTarget "NBackGame" */ = {
			isa = XCConfigurationList;
			buildConfigurations = (
				5FA863642529D997006B5F33 /* Debug */,
				5FA863652529D997006B5F33 /* Release */,
			);
			defaultConfigurationIsVisible = 0;
			defaultConfigurationName = Release;
		};
		5FA863662529D997006B5F33 /* Build configuration list for PBXNativeTarget "NBackGameTests" */ = {
			isa = XCConfigurationList;
			buildConfigurations = (
				5FA863672529D997006B5F33 /* Debug */,
				5FA863682529D997006B5F33 /* Release */,
			);
			defaultConfigurationIsVisible = 0;
			defaultConfigurationName = Release;
		};
		5FA863692529D997006B5F33 /* Build configuration list for PBXNativeTarget "NBackGameUITests" */ = {
			isa = XCConfigurationList;
			buildConfigurations = (
				5FA8636A2529D997006B5F33 /* Debug */,
				5FA8636B2529D997006B5F33 /* Release */,
			);
			defaultConfigurationIsVisible = 0;
			defaultConfigurationName = Release;
		};
/* End XCConfigurationList section */

/* Begin XCRemoteSwiftPackageReference section */
		5F9E283D2911024500DCAD3B /* XCRemoteSwiftPackageReference "realm-swift" */ = {
			isa = XCRemoteSwiftPackageReference;
			repositoryURL = "https://github.com/realm/realm-swift.git";
			requirement = {
				branch = master;
				kind = branch;
			};
		};
/* End XCRemoteSwiftPackageReference section */

/* Begin XCSwiftPackageProductDependency section */
		5F9E283E2911024500DCAD3B /* Realm */ = {
			isa = XCSwiftPackageProductDependency;
			package = 5F9E283D2911024500DCAD3B /* XCRemoteSwiftPackageReference "realm-swift" */;
			productName = Realm;
		};
		5F9E28402911024500DCAD3B /* RealmSwift */ = {
			isa = XCSwiftPackageProductDependency;
			package = 5F9E283D2911024500DCAD3B /* XCRemoteSwiftPackageReference "realm-swift" */;
			productName = RealmSwift;
		};
/* End XCSwiftPackageProductDependency section */
	};
	rootObject = 5FA863362529D995006B5F33 /* Project object */;
}
